# Generated by pub
# See https://dart.dev/tools/pub/glossary#lockfile
packages:
  etos:
    dependency: "direct main"
    description:
      path: "../../etos"
      relative: true
    source: path
    version: "1.0.0"
  lints:
    dependency: "direct dev"
    description:
      name: lints
      url: "https://pub.dartlang.org"
    source: hosted
    version: "1.0.1"
  logging:
    dependency: "direct main"
    description:
      name: logging
      url: "https://pub.dartlang.org"
    source: hosted
    version: "1.0.2"
  rxdart:
    dependency: transitive
    description:
      name: rxdart
      url: "https://pub.dartlang.org"
    source: hosted
    version: "0.27.5"
sdks:
  dart: ">=2.16.0 <3.0.0"
